{"is_source_file": true, "file_id": 22, "git_revision": "418b31d2eccda0561a165a079e29b1c5f4a1952a", "state": 1, "description": "", "external_files": [], "external_methods": [], "published": [], "classes": [], "methods": [], "calls": [], "search-terms": [], "filename": "/home/kavia/workspace/code-generation/audioread-pro-95473-95490/audio_read_pro/post_process_status.lock", "hash": "e9b4c3b42cef0193b7fddb548d37e652", "format-version": 4, "code-base-name": "default", "knowledge_revision": 53}